// !$*UTF8*$!
{
	archiveVersion = 1;
	classes = {
	};
	objectVersion = 50;
	objects = {

/* Begin PBXBuildFile section */
		AFCFFBCE23759ED600B6FB28 /* AppDelegate.swift in Sources */ = {isa = PBXBuildFile; fileRef = AFCFFBCD23759ED600B6FB28 /* AppDelegate.swift */; };
		AFCFFBD023759ED600B6FB28 /* SceneDelegate.swift in Sources */ = {isa = PBXBuildFile; fileRef = AFCFFBCF23759ED600B6FB28 /* SceneDelegate.swift */; };
		AFCFFBD223759ED600B6FB28 /* ViewController.swift in Sources */ = {isa = PBXBuildFile; fileRef = AFCFFBD123759ED600B6FB28 /* ViewController.swift */; };
		AFCFFBD523759ED600B6FB28 /* Main.storyboard in Resources */ = {isa = PBXBuildFile; fileRef = AFCFFBD323759ED600B6FB28 /* Main.storyboard */; };
		AFCFFBD723759ED800B6FB28 /* Assets.xcassets in Resources */ = {isa = PBXBuildFile; fileRef = AFCFFBD623759ED800B6FB28 /* Assets.xcassets */; };
		AFCFFBDA23759ED800B6FB28 /* LaunchScreen.storyboard in Resources */ = {isa = PBXBuildFile; fileRef = AFCFFBD823759ED800B6FB28 /* LaunchScreen.storyboard */; };
		AFCFFBE523759ED800B6FB28 /* HomeWork_7Tests.swift in Sources */ = {isa = PBXBuildFile; fileRef = AFCFFBE423759ED800B6FB28 /* HomeWork_7Tests.swift */; };
		AFCFFBF023759ED800B6FB28 /* HomeWork_7UITests.swift in Sources */ = {isa = PBXBuildFile; fileRef = AFCFFBEF23759ED800B6FB28 /* HomeWork_7UITests.swift */; };
		AFCFFBFE23759EFA00B6FB28 /* MyView.swift in Sources */ = {isa = PBXBuildFile; fileRef = AFCFFBFD23759EFA00B6FB28 /* MyView.swift */; };
/* End PBXBuildFile section */

/* Begin PBXContainerItemProxy section */
		AFCFFBE123759ED800B6FB28 /* PBXContainerItemProxy */ = {
			isa = PBXContainerItemProxy;
			containerPortal = AFCFFBC223759ED600B6FB28 /* Project object */;
			proxyType = 1;
			remoteGlobalIDString = AFCFFBC923759ED600B6FB28;
			remoteInfo = HomeWork_7;
		};
		AFCFFBEC23759ED800B6FB28 /* PBXContainerItemProxy */ = {
			isa = PBXContainerItemProxy;
			containerPortal = AFCFFBC223759ED600B6FB28 /* Project object */;
			proxyType = 1;
			remoteGlobalIDString = AFCFFBC923759ED600B6FB28;
			remoteInfo = HomeWork_7;
		};
/* End PBXContainerItemProxy section */

/* Begin PBXFileReference section */
		AFCFFBCA23759ED600B6FB28 /* HomeWork_7.app */ = {isa = PBXFileReference; explicitFileType = wrapper.application; includeInIndex = 0; path = HomeWork_7.app; sourceTree = BUILT_PRODUCTS_DIR; };
		AFCFFBCD23759ED600B6FB28 /* AppDelegate.swift */ = {isa = PBXFileReference; lastKnownFileType = sourcecode.swift; path = AppDelegate.swift; sourceTree = "<group>"; };
		AFCFFBCF23759ED600B6FB28 /* SceneDelegate.swift */ = {isa = PBXFileReference; lastKnownFileType = sourcecode.swift; path = SceneDelegate.swift; sourceTree = "<group>"; };
		AFCFFBD123759ED600B6FB28 /* ViewController.swift */ = {isa = PBXFileReference; lastKnownFileType = sourcecode.swift; path = ViewController.swift; sourceTree = "<group>"; };
		AFCFFBD423759ED600B6FB28 /* Base */ = {isa = PBXFileReference; lastKnownFileType = file.storyboard; name = Base; path = Base.lproj/Main.storyboard; sourceTree = "<group>"; };
		AFCFFBD623759ED800B6FB28 /* Assets.xcassets */ = {isa = PBXFileReference; lastKnownFileType = folder.assetcatalog; path = Assets.xcassets; sourceTree = "<group>"; };
		AFCFFBD923759ED800B6FB28 /* Base */ = {isa = PBXFileReference; lastKnownFileType = file.storyboard; name = Base; path = Base.lproj/LaunchScreen.storyboard; sourceTree = "<group>"; };
		AFCFFBDB23759ED800B6FB28 /* Info.plist */ = {isa = PBXFileReference; lastKnownFileType = text.plist.xml; path = Info.plist; sourceTree = "<group>"; };
		AFCFFBE023759ED800B6FB28 /* HomeWork_7Tests.xctest */ = {isa = PBXFileReference; explicitFileType = wrapper.cfbundle; includeInIndex = 0; path = HomeWork_7Tests.xctest; sourceTree = BUILT_PRODUCTS_DIR; };
		AFCFFBE423759ED800B6FB28 /* HomeWork_7Tests.swift */ = {isa = PBXFileReference; lastKnownFileType = sourcecode.swift; path = HomeWork_7Tests.swift; sourceTree = "<group>"; };
		AFCFFBE623759ED800B6FB28 /* Info.plist */ = {isa = PBXFileReference; lastKnownFileType = text.plist.xml; path = Info.plist; sourceTree = "<group>"; };
		AFCFFBEB23759ED800B6FB28 /* HomeWork_7UITests.xctest */ = {isa = PBXFileReference; explicitFileType = wrapper.cfbundle; includeInIndex = 0; path = HomeWork_7UITests.xctest; sourceTree = BUILT_PRODUCTS_DIR; };
		AFCFFBEF23759ED800B6FB28 /* HomeWork_7UITests.swift */ = {isa = PBXFileReference; lastKnownFileType = sourcecode.swift; path = HomeWork_7UITests.swift; sourceTree = "<group>"; };
		AFCFFBF123759ED800B6FB28 /* Info.plist */ = {isa = PBXFileReference; lastKnownFileType = text.plist.xml; path = Info.plist; sourceTree = "<group>"; };
		AFCFFBFD23759EFA00B6FB28 /* MyView.swift */ = {isa = PBXFileReference; lastKnownFileType = sourcecode.swift; path = MyView.swift; sourceTree = "<group>"; };
/* End PBXFileReference section */

/* Begin PBXFrameworksBuildPhase section */
		AFCFFBC723759ED600B6FB28 /* Frameworks */ = {
			isa = PBXFrameworksBuildPhase;
			buildActionMask = 2147483647;
			files = (
			);
			runOnlyForDeploymentPostprocessing = 0;
		};
		AFCFFBDD23759ED800B6FB28 /* Frameworks */ = {
			isa = PBXFrameworksBuildPhase;
			buildActionMask = 2147483647;
			files = (
			);
			runOnlyForDeploymentPostprocessing = 0;
		};
		AFCFFBE823759ED800B6FB28 /* Frameworks */ = {
			isa = PBXFrameworksBuildPhase;
			buildActionMask = 2147483647;
			files = (
			);
			runOnlyForDeploymentPostprocessing = 0;
		};
/* End PBXFrameworksBuildPhase section */

/* Begin PBXGroup section */
		AFCFFBC123759ED500B6FB28 = {
			isa = PBXGroup;
			children = (
				AFCFFBCC23759ED600B6FB28 /* HomeWork_7 */,
				AFCFFBE323759ED800B6FB28 /* HomeWork_7Tests */,
				AFCFFBEE23759ED800B6FB28 /* HomeWork_7UITests */,
				AFCFFBCB23759ED600B6FB28 /* Products */,
			);
			sourceTree = "<group>";
		};
		AFCFFBCB23759ED600B6FB28 /* Products */ = {
			isa = PBXGroup;
			children = (
				AFCFFBCA23759ED600B6FB28 /* HomeWork_7.app */,
				AFCFFBE023759ED800B6FB28 /* HomeWork_7Tests.xctest */,
				AFCFFBEB23759ED800B6FB28 /* HomeWork_7UITests.xctest */,
			);
			name = Products;
			sourceTree = "<group>";
		};
		AFCFFBCC23759ED600B6FB28 /* HomeWork_7 */ = {
			isa = PBXGroup;
			children = (
				AFCFFBCD23759ED600B6FB28 /* AppDelegate.swift */,
				AFCFFBCF23759ED600B6FB28 /* SceneDelegate.swift */,
				AFCFFBD123759ED600B6FB28 /* ViewController.swift */,
				AFCFFBFD23759EFA00B6FB28 /* MyView.swift */,
				AFCFFBD323759ED600B6FB28 /* Main.storyboard */,
				AFCFFBD623759ED800B6FB28 /* Assets.xcassets */,
				AFCFFBD823759ED800B6FB28 /* LaunchScreen.storyboard */,
				AFCFFBDB23759ED800B6FB28 /* Info.plist */,
			);
			path = HomeWork_7;
			sourceTree = "<group>";
		};
		AFCFFBE323759ED800B6FB28 /* HomeWork_7Tests */ = {
			isa = PBXGroup;
			children = (
				AFCFFBE423759ED800B6FB28 /* HomeWork_7Tests.swift */,
				AFCFFBE623759ED800B6FB28 /* Info.plist */,
			);
			path = HomeWork_7Tests;
			sourceTree = "<group>";
		};
		AFCFFBEE23759ED800B6FB28 /* HomeWork_7UITests */ = {
			isa = PBXGroup;
			children = (
				AFCFFBEF23759ED800B6FB28 /* HomeWork_7UITests.swift */,
				AFCFFBF123759ED800B6FB28 /* Info.plist */,
			);
			path = HomeWork_7UITests;
			sourceTree = "<group>";
		};
/* End PBXGroup section */

/* Begin PBXNativeTarget section */
		AFCFFBC923759ED600B6FB28 /* HomeWork_7 */ = {
			isa = PBXNativeTarget;
			buildConfigurationList = AFCFFBF423759ED800B6FB28 /* Build configuration list for PBXNativeTarget "HomeWork_7" */;
			buildPhases = (
				AFCFFBC623759ED600B6FB28 /* Sources */,
				AFCFFBC723759ED600B6FB28 /* Frameworks */,
				AFCFFBC823759ED600B6FB28 /* Resources */,
			);
			buildRules = (
			);
			dependencies = (
			);
			name = HomeWork_7;
			productName = HomeWork_7;
			productReference = AFCFFBCA23759ED600B6FB28 /* HomeWork_7.app */;
			productType = "com.apple.product-type.application";
		};
		AFCFFBDF23759ED800B6FB28 /* HomeWork_7Tests */ = {
			isa = PBXNativeTarget;
			buildConfigurationList = AFCFFBF723759ED800B6FB28 /* Build configuration list for PBXNativeTarget "HomeWork_7Tests" */;
			buildPhases = (
				AFCFFBDC23759ED800B6FB28 /* Sources */,
				AFCFFBDD23759ED800B6FB28 /* Frameworks */,
				AFCFFBDE23759ED800B6FB28 /* Resources */,
			);
			buildRules = (
			);
			dependencies = (
				AFCFFBE223759ED800B6FB28 /* PBXTargetDependency */,
			);
			name = HomeWork_7Tests;
			productName = HomeWork_7Tests;
			productReference = AFCFFBE023759ED800B6FB28 /* HomeWork_7Tests.xctest */;
			productType = "com.apple.product-type.bundle.unit-test";
		};
		AFCFFBEA23759ED800B6FB28 /* HomeWork_7UITests */ = {
			isa = PBXNativeTarget;
			buildConfigurationList = AFCFFBFA23759ED800B6FB28 /* Build configuration list for PBXNativeTarget "HomeWork_7UITests" */;
			buildPhases = (
				AFCFFBE723759ED800B6FB28 /* Sources */,
				AFCFFBE823759ED800B6FB28 /* Frameworks */,
				AFCFFBE923759ED800B6FB28 /* Resources */,
			);
			buildRules = (
			);
			dependencies = (
				AFCFFBED23759ED800B6FB28 /* PBXTargetDependency */,
			);
			name = HomeWork_7UITests;
			productName = HomeWork_7UITests;
			productReference = AFCFFBEB23759ED800B6FB28 /* HomeWork_7UITests.xctest */;
			productType = "com.apple.product-type.bundle.ui-testing";
		};
/* End PBXNativeTarget section */

/* Begin PBXProject section */
		AFCFFBC223759ED600B6FB28 /* Project object */ = {
			isa = PBXProject;
			attributes = {
				LastSwiftUpdateCheck = 1110;
				LastUpgradeCheck = 1110;
				ORGANIZATIONNAME = "Дмитрий Яковлев";
				TargetAttributes = {
					AFCFFBC923759ED600B6FB28 = {
						CreatedOnToolsVersion = 11.1;
					};
					AFCFFBDF23759ED800B6FB28 = {
						CreatedOnToolsVersion = 11.1;
						TestTargetID = AFCFFBC923759ED600B6FB28;
					};
					AFCFFBEA23759ED800B6FB28 = {
						CreatedOnToolsVersion = 11.1;
						TestTargetID = AFCFFBC923759ED600B6FB28;
					};
				};
			};
			buildConfigurationList = AFCFFBC523759ED600B6FB28 /* Build configuration list for PBXProject "HomeWork_7" */;
			compatibilityVersion = "Xcode 9.3";
			developmentRegion = en;
			hasScannedForEncodings = 0;
			knownRegions = (
				en,
				Base,
			);
			mainGroup = AFCFFBC123759ED500B6FB28;
			productRefGroup = AFCFFBCB23759ED600B6FB28 /* Products */;
			projectDirPath = "";
			projectRoot = "";
			targets = (
				AFCFFBC923759ED600B6FB28 /* HomeWork_7 */,
				AFCFFBDF23759ED800B6FB28 /* HomeWork_7Tests */,
				AFCFFBEA23759ED800B6FB28 /* HomeWork_7UITests */,
			);
		};
/* End PBXProject section */

/* Begin PBXResourcesBuildPhase section */
		AFCFFBC823759ED600B6FB28 /* Resources */ = {
			isa = PBXResourcesBuildPhase;
			buildActionMask = 2147483647;
			files = (
				AFCFFBDA23759ED800B6FB28 /* LaunchScreen.storyboard in Resources */,
				AFCFFBD723759ED800B6FB28 /* Assets.xcassets in Resources */,
				AFCFFBD523759ED600B6FB28 /* Main.storyboard in Resources */,
			);
			runOnlyForDeploymentPostprocessing = 0;
		};
		AFCFFBDE23759ED800B6FB28 /* Resources */ = {
			isa = PBXResourcesBuildPhase;
			buildActionMask = 2147483647;
			files = (
			);
			runOnlyForDeploymentPostprocessing = 0;
		};
		AFCFFBE923759ED800B6FB28 /* Resources */ = {
			isa = PBXResourcesBuildPhase;
			buildActionMask = 2147483647;
			files = (
			);
			runOnlyForDeploymentPostprocessing = 0;
		};
/* End PBXResourcesBuildPhase section */

/* Begin PBXSourcesBuildPhase section */
		AFCFFBC623759ED600B6FB28 /* Sources */ = {
			isa = PBXSourcesBuildPhase;
			buildActionMask = 2147483647;
			files = (
				AFCFFBFE23759EFA00B6FB28 /* MyView.swift in Sources */,
				AFCFFBD223759ED600B6FB28 /* ViewController.swift in Sources */,
				AFCFFBCE23759ED600B6FB28 /* AppDelegate.swift in Sources */,
				AFCFFBD023759ED600B6FB28 /* SceneDelegate.swift in Sources */,
			);
			runOnlyForDeploymentPostprocessing = 0;
		};
		AFCFFBDC23759ED800B6FB28 /* Sources */ = {
			isa = PBXSourcesBuildPhase;
			buildActionMask = 2147483647;
			files = (
				AFCFFBE523759ED800B6FB28 /* HomeWork_7Tests.swift in Sources */,
			);
			runOnlyForDeploymentPostprocessing = 0;
		};
		AFCFFBE723759ED800B6FB28 /* Sources */ = {
			isa = PBXSourcesBuildPhase;
			buildActionMask = 2147483647;
			files = (
				AFCFFBF023759ED800B6FB28 /* HomeWork_7UITests.swift in Sources */,
			);
			runOnlyForDeploymentPostprocessing = 0;
		};
/* End PBXSourcesBuildPhase section */

/* Begin PBXTargetDependency section */
		AFCFFBE223759ED800B6FB28 /* PBXTargetDependency */ = {
			isa = PBXTargetDependency;
			target = AFCFFBC923759ED600B6FB28 /* HomeWork_7 */;
			targetProxy = AFCFFBE123759ED800B6FB28 /* PBXContainerItemProxy */;
		};
		AFCFFBED23759ED800B6FB28 /* PBXTargetDependency */ = {
			isa = PBXTargetDependency;
			target = AFCFFBC923759ED600B6FB28 /* HomeWork_7 */;
			targetProxy = AFCFFBEC23759ED800B6FB28 /* PBXContainerItemProxy */;
		};
/* End PBXTargetDependency section */

/* Begin PBXVariantGroup section */
		AFCFFBD323759ED600B6FB28 /* Main.storyboard */ = {
			isa = PBXVariantGroup;
			children = (
				AFCFFBD423759ED600B6FB28 /* Base */,
			);
			name = Main.storyboard;
			sourceTree = "<group>";
		};
		AFCFFBD823759ED800B6FB28 /* LaunchScreen.storyboard */ = {
			isa = PBXVariantGroup;
			children = (
				AFCFFBD923759ED800B6FB28 /* Base */,
			);
			name = LaunchScreen.storyboard;
			sourceTree = "<group>";
		};
/* End PBXVariantGroup section */

/* Begin XCBuildConfiguration section */
		AFCFFBF223759ED800B6FB28 /* Debug */ = {
			isa = XCBuildConfiguration;
			buildSettings = {
				ALWAYS_SEARCH_USER_PATHS = NO;
				CLANG_ANALYZER_NONNULL = YES;
				CLANG_ANALYZER_NUMBER_OBJECT_CONVERSION = YES_AGGRESSIVE;
				CLANG_CXX_LANGUAGE_STANDARD = "gnu++14";
				CLANG_CXX_LIBRARY = "libc++";
				CLANG_ENABLE_MODULES = YES;
				CLANG_ENABLE_OBJC_ARC = YES;
				CLANG_ENABLE_OBJC_WEAK = YES;
				CLANG_WARN_BLOCK_CAPTURE_AUTORELEASING = YES;
				CLANG_WARN_BOOL_CONVERSION = YES;
				CLANG_WARN_COMMA = YES;
				CLANG_WARN_CONSTANT_CONVERSION = YES;
				CLANG_WARN_DEPRECATED_OBJC_IMPLEMENTATIONS = YES;
				CLANG_WARN_DIRECT_OBJC_ISA_USAGE = YES_ERROR;
				CLANG_WARN_DOCUMENTATION_COMMENTS = YES;
				CLANG_WARN_EMPTY_BODY = YES;
				CLANG_WARN_ENUM_CONVERSION = YES;
				CLANG_WARN_INFINITE_RECURSION = YES;
				CLANG_WARN_INT_CONVERSION = YES;
				CLANG_WARN_NON_LITERAL_NULL_CONVERSION = YES;
				CLANG_WARN_OBJC_IMPLICIT_RETAIN_SELF = YES;
				CLANG_WARN_OBJC_LITERAL_CONVERSION = YES;
				CLANG_WARN_OBJC_ROOT_CLASS = YES_ERROR;
				CLANG_WARN_RANGE_LOOP_ANALYSIS = YES;
				CLANG_WARN_STRICT_PROTOTYPES = YES;
				CLANG_WARN_SUSPICIOUS_MOVE = YES;
				CLANG_WARN_UNGUARDED_AVAILABILITY = YES_AGGRESSIVE;
				CLANG_WARN_UNREACHABLE_CODE = YES;
				CLANG_WARN__DUPLICATE_METHOD_MATCH = YES;
				COPY_PHASE_STRIP = NO;
				DEBUG_INFORMATION_FORMAT = dwarf;
				ENABLE_STRICT_OBJC_MSGSEND = YES;
				ENABLE_TESTABILITY = YES;
				GCC_C_LANGUAGE_STANDARD = gnu11;
				GCC_DYNAMIC_NO_PIC = NO;
				GCC_NO_COMMON_BLOCKS = YES;
				GCC_OPTIMIZATION_LEVEL = 0;
				GCC_PREPROCESSOR_DEFINITIONS = (
					"DEBUG=1",
					"$(inherited)",
				);
				GCC_WARN_64_TO_32_BIT_CONVERSION = YES;
				GCC_WARN_ABOUT_RETURN_TYPE = YES_ERROR;
				GCC_WARN_UNDECLARED_SELECTOR = YES;
				GCC_WARN_UNINITIALIZED_AUTOS = YES_AGGRESSIVE;
				GCC_WARN_UNUSED_FUNCTION = YES;
				GCC_WARN_UNUSED_VARIABLE = YES;
				IPHONEOS_DEPLOYMENT_TARGET = 13.1;
				MTL_ENABLE_DEBUG_INFO = INCLUDE_SOURCE;
				MTL_FAST_MATH = YES;
				ONLY_ACTIVE_ARCH = YES;
				SDKROOT = iphoneos;
				SWIFT_ACTIVE_COMPILATION_CONDITIONS = DEBUG;
				SWIFT_OPTIMIZATION_LEVEL = "-Onone";
			};
			name = Debug;
		};
		AFCFFBF323759ED800B6FB28 /* Release */ = {
			isa = XCBuildConfiguration;
			buildSettings = {
				ALWAYS_SEARCH_USER_PATHS = NO;
				CLANG_ANALYZER_NONNULL = YES;
				CLANG_ANALYZER_NUMBER_OBJECT_CONVERSION = YES_AGGRESSIVE;
				CLANG_CXX_LANGUAGE_STANDARD = "gnu++14";
				CLANG_CXX_LIBRARY = "libc++";
				CLANG_ENABLE_MODULES = YES;
				CLANG_ENABLE_OBJC_ARC = YES;
				CLANG_ENABLE_OBJC_WEAK = YES;
				CLANG_WARN_BLOCK_CAPTURE_AUTORELEASING = YES;
				CLANG_WARN_BOOL_CONVERSION = YES;
				CLANG_WARN_COMMA = YES;
				CLANG_WARN_CONSTANT_CONVERSION = YES;
				CLANG_WARN_DEPRECATED_OBJC_IMPLEMENTATIONS = YES;
				CLANG_WARN_DIRECT_OBJC_ISA_USAGE = YES_ERROR;
				CLANG_WARN_DOCUMENTATION_COMMENTS = YES;
				CLANG_WARN_EMPTY_BODY = YES;
				CLANG_WARN_ENUM_CONVERSION = YES;
				CLANG_WARN_INFINITE_RECURSION = YES;
				CLANG_WARN_INT_CONVERSION = YES;
				CLANG_WARN_NON_LITERAL_NULL_CONVERSION = YES;
				CLANG_WARN_OBJC_IMPLICIT_RETAIN_SELF = YES;
				CLANG_WARN_OBJC_LITERAL_CONVERSION = YES;
				CLANG_WARN_OBJC_ROOT_CLASS = YES_ERROR;
				CLANG_WARN_RANGE_LOOP_ANALYSIS = YES;
				CLANG_WARN_STRICT_PROTOTYPES = YES;
				CLANG_WARN_SUSPICIOUS_MOVE = YES;
				CLANG_WARN_UNGUARDED_AVAILABILITY = YES_AGGRESSIVE;
				CLANG_WARN_UNREACHABLE_CODE = YES;
				CLANG_WARN__DUPLICATE_METHOD_MATCH = YES;
				COPY_PHASE_STRIP = NO;
				DEBUG_INFORMATION_FORMAT = "dwarf-with-dsym";
				ENABLE_NS_ASSERTIONS = NO;
				ENABLE_STRICT_OBJC_MSGSEND = YES;
				GCC_C_LANGUAGE_STANDARD = gnu11;
				GCC_NO_COMMON_BLOCKS = YES;
				GCC_WARN_64_TO_32_BIT_CONVERSION = YES;
				GCC_WARN_ABOUT_RETURN_TYPE = YES_ERROR;
				GCC_WARN_UNDECLARED_SELECTOR = YES;
				GCC_WARN_UNINITIALIZED_AUTOS = YES_AGGRESSIVE;
				GCC_WARN_UNUSED_FUNCTION = YES;
				GCC_WARN_UNUSED_VARIABLE = YES;
				IPHONEOS_DEPLOYMENT_TARGET = 13.1;
				MTL_ENABLE_DEBUG_INFO = NO;
				MTL_FAST_MATH = YES;
				SDKROOT = iphoneos;
				SWIFT_COMPILATION_MODE = wholemodule;
				SWIFT_OPTIMIZATION_LEVEL = "-O";
				VALIDATE_PRODUCT = YES;
			};
			name = Release;
		};
		AFCFFBF523759ED800B6FB28 /* Debug */ = {
			isa = XCBuildConfiguration;
			buildSettings = {
				ASSETCATALOG_COMPILER_APPICON_NAME = AppIcon;
				CODE_SIGN_STYLE = Automatic;
				INFOPLIST_FILE = HomeWork_7/Info.plist;
				LD_RUNPATH_SEARCH_PATHS = (
					"$(inherited)",
					"@executable_path/Frameworks",
				);
				PRODUCT_BUNDLE_IDENTIFIER = "test.HomeWork-7";
				PRODUCT_NAME = "$(TARGET_NAME)";
				SWIFT_VERSION = 5.0;
				TARGETED_DEVICE_FAMILY = "1,2";
			};
			name = Debug;
		};
		AFCFFBF623759ED800B6FB28 /* Release */ = {
			isa = XCBuildConfiguration;
			buildSettings = {
				ASSETCATALOG_COMPILER_APPICON_NAME = AppIcon;
				CODE_SIGN_STYLE = Automatic;
				INFOPLIST_FILE = HomeWork_7/Info.plist;
				LD_RUNPATH_SEARCH_PATHS = (
					"$(inherited)",
					"@executable_path/Frameworks",
				);
				PRODUCT_BUNDLE_IDENTIFIER = "test.HomeWork-7";
				PRODUCT_NAME = "$(TARGET_NAME)";
				SWIFT_VERSION = 5.0;
				TARGETED_DEVICE_FAMILY = "1,2";
			};
			name = Release;
		};
		AFCFFBF823759ED800B6FB28 /* Debug */ = {
			isa = XCBuildConfiguration;
			buildSettings = {
				ALWAYS_EMBED_SWIFT_STANDARD_LIBRARIES = YES;
				BUNDLE_LOADER = "$(TEST_HOST)";
				CODE_SIGN_STYLE = Automatic;
				INFOPLIST_FILE = HomeWork_7Tests/Info.plist;
				IPHONEOS_DEPLOYMENT_TARGET = 13.1;
				LD_RUNPATH_SEARCH_PATHS = (
					"$(inherited)",
					"@executable_path/Frameworks",
					"@loader_path/Frameworks",
				);
				PRODUCT_BUNDLE_IDENTIFIER = "test.HomeWork-7Tests";
				PRODUCT_NAME = "$(TARGET_NAME)";
				SWIFT_VERSION = 5.0;
				TARGETED_DEVICE_FAMILY = "1,2";
				TEST_HOST = "$(BUILT_PRODUCTS_DIR)/HomeWork_7.app/HomeWork_7";
			};
			name = Debug;
		};
		AFCFFBF923759ED800B6FB28 /* Release */ = {
			isa = XCBuildConfiguration;
			buildSettings = {
				ALWAYS_EMBED_SWIFT_STANDARD_LIBRARIES = YES;
				BUNDLE_LOADER = "$(TEST_HOST)";
				CODE_SIGN_STYLE = Automatic;
				INFOPLIST_FILE = HomeWork_7Tests/Info.plist;
				IPHONEOS_DEPLOYMENT_TARGET = 13.1;
				LD_RUNPATH_SEARCH_PATHS = (
					"$(inherited)",
					"@executable_path/Frameworks",
					"@loader_path/Frameworks",
				);
				PRODUCT_BUNDLE_IDENTIFIER = "test.HomeWork-7Tests";
				PRODUCT_NAME = "$(TARGET_NAME)";
				SWIFT_VERSION = 5.0;
				TARGETED_DEVICE_FAMILY = "1,2";
				TEST_HOST = "$(BUILT_PRODUCTS_DIR)/HomeWork_7.app/HomeWork_7";
			};
			name = Release;
		};
		AFCFFBFB23759ED800B6FB28 /* Debug */ = {
			isa = XCBuildConfiguration;
			buildSettings = {
				ALWAYS_EMBED_SWIFT_STANDARD_LIBRARIES = YES;
				CODE_SIGN_STYLE = Automatic;
				INFOPLIST_FILE = HomeWork_7UITests/Info.plist;
				LD_RUNPATH_SEARCH_PATHS = (
					"$(inherited)",
					"@executable_path/Frameworks",
					"@loader_path/Frameworks",
				);
				PRODUCT_BUNDLE_IDENTIFIER = "test.HomeWork-7UITests";
				PRODUCT_NAME = "$(TARGET_NAME)";
				SWIFT_VERSION = 5.0;
				TARGETED_DEVICE_FAMILY = "1,2";
				TEST_TARGET_NAME = HomeWork_7;
			};
			name = Debug;
		};
		AFCFFBFC23759ED800B6FB28 /* Release */ = {
			isa = XCBuildConfiguration;
			buildSettings = {
				ALWAYS_EMBED_SWIFT_STANDARD_LIBRARIES = YES;
				CODE_SIGN_STYLE = Automatic;
				INFOPLIST_FILE = HomeWork_7UITests/Info.plist;
				LD_RUNPATH_SEARCH_PATHS = (
					"$(inherited)",
					"@executable_path/Frameworks",
					"@loader_path/Frameworks",
				);
				PRODUCT_BUNDLE_IDENTIFIER = "test.HomeWork-7UITests";
				PRODUCT_NAME = "$(TARGET_NAME)";
				SWIFT_VERSION = 5.0;
				TARGETED_DEVICE_FAMILY = "1,2";
				TEST_TARGET_NAME = HomeWork_7;
			};
			name = Release;
		};
/* End XCBuildConfiguration section */

/* Begin XCConfigurationList section */
		AFCFFBC523759ED600B6FB28 /* Build configuration list for PBXProject "HomeWork_7" */ = {
			isa = XCConfigurationList;
			buildConfigurations = (
				AFCFFBF223759ED800B6FB28 /* Debug */,
				AFCFFBF323759ED800B6FB28 /* Release */,
			);
			defaultConfigurationIsVisible = 0;
			defaultConfigurationName = Release;
		};
		AFCFFBF423759ED800B6FB28 /* Build configuration list for PBXNativeTarget "HomeWork_7" */ = {
			isa = XCConfigurationList;
			buildConfigurations = (
				AFCFFBF523759ED800B6FB28 /* Debug */,
				AFCFFBF623759ED800B6FB28 /* Release */,
			);
			defaultConfigurationIsVisible = 0;
			defaultConfigurationName = Release;
		};
		AFCFFBF723759ED800B6FB28 /* Build configuration list for PBXNativeTarget "HomeWork_7Tests" */ = {
			isa = XCConfigurationList;
			buildConfigurations = (
				AFCFFBF823759ED800B6FB28 /* Debug */,
				AFCFFBF923759ED800B6FB28 /* Release */,
			);
			defaultConfigurationIsVisible = 0;
			defaultConfigurationName = Release;
		};
		AFCFFBFA23759ED800B6FB28 /* Build configuration list for PBXNativeTarget "HomeWork_7UITests" */ = {
			isa = XCConfigurationList;
			buildConfigurations = (
				AFCFFBFB23759ED800B6FB28 /* Debug */,
				AFCFFBFC23759ED800B6FB28 /* Release */,
			);
			defaultConfigurationIsVisible = 0;
			defaultConfigurationName = Release;
		};
/* End XCConfigurationList section */
	};
	rootObject = AFCFFBC223759ED600B6FB28 /* Project object */;
}
